version = 1
revision = 3
requires-python = ">=3.13"

[[package]]
name = "asgiref"
version = "3.11.0"
source = { registry = "https://pypi.org/simple" }
sdist = { url = "https://files.pythonhosted.org/packages/76/b9/4db2509eabd14b4a8c71d1b24c8d5734c52b8560a7b1e1a8b56c8d25568b/asgiref-3.11.0.tar.gz", hash = "sha256:13acff32519542a1736223fb79a715acdebe24286d98e8b164a73085f40da2c4", size = 37969, upload-time = "2025-11-19T15:32:20.106Z" }
wheels = [
    { url = "https://files.pythonhosted.org/packages/91/be/317c2c55b8bbec407257d45f5c8d1b6867abc76d12043f2d3d58c538a4ea/asgiref-3.11.0-py3-none-any.whl", hash = "sha256:1db9021efadb0d9512ce8ffaf72fcef601c7b73a8807a1bb2ef143dc6b14846d", size = 24096, upload-time = "2025-11-19T15:32:19.004Z" },
]

[[package]]
name = "django"
version = "5.2.11"
source = { registry = "https://pypi.org/simple" }
dependencies = [
    { name = "asgiref" },
    { name = "sqlparse" },
    { name = "tzdata", marker = "sys_platform == 'win32'" },
]
sdist = { url = "https://files.pythonhosted.org/packages/17/f2/3e57ef696b95067e05ae206171e47a8e53b9c84eec56198671ef9eaa51a6/django-5.2.11.tar.gz", hash = "sha256:7f2d292ad8b9ee35e405d965fbbad293758b858c34bbf7f3df551aeeac6f02d3", size = 10885017, upload-time = "2026-02-03T13:52:50.554Z" }
wheels = [
    { url = "https://files.pythonhosted.org/packages/91/a7/2b112ab430575bf3135b8304ac372248500d99c352f777485f53fdb9537e/django-5.2.11-py3-none-any.whl", hash = "sha256:e7130df33ada9ab5e5e929bc19346a20fe383f5454acb2cc004508f242ee92c0", size = 8291375, upload-time = "2026-02-03T13:52:42.47Z" },
]

[[package]]
name = "django-extensions"
version = "4.1"
source = { registry = "https://pypi.org/simple" }
dependencies = [
    { name = "django" },
]
sdist = { url = "https://files.pythonhosted.org/packages/6d/b3/ed0f54ed706ec0b54fd251cc0364a249c6cd6c6ec97f04dc34be5e929eac/django_extensions-4.1.tar.gz", hash = "sha256:7b70a4d28e9b840f44694e3f7feb54f55d495f8b3fa6c5c0e5e12bcb2aa3cdeb", size = 283078, upload-time = "2025-04-11T01:15:39.617Z" }
wheels = [
    { url = "https://files.pythonhosted.org/packages/64/96/d967ca440d6a8e3861120f51985d8e5aec79b9a8bdda16041206adfe7adc/django_extensions-4.1-py3-none-any.whl", hash = "sha256:0699a7af28f2523bf8db309a80278519362cd4b6e1fd0a8cd4bf063e1e023336", size = 232980, upload-time = "2025-04-11T01:15:37.701Z" },
]

[[package]]
name = "djsrc"
version = "2.0.0"
source = { virtual = "." }
dependencies = [
    { name = "django" },
    { name = "django-extensions" },
]

[package.metadata]
requires-dist = [
    { name = "django", specifier = "==5.2.11" },
    { name = "django-extensions", specifier = ">=4.1" },
]

[[package]]
name = "sqlparse"
version = "0.5.4"
source = { registry = "https://pypi.org/simple" }
sdist = { url = "https://files.pythonhosted.org/packages/18/67/701f86b28d63b2086de47c942eccf8ca2208b3be69715a1119a4e384415a/sqlparse-0.5.4.tar.gz", hash = "sha256:4396a7d3cf1cd679c1be976cf3dc6e0a51d0111e87787e7a8d780e7d5a998f9e", size = 120112, upload-time = "2025-11-28T07:10:18.377Z" }
wheels = [
    { url = "https://files.pythonhosted.org/packages/25/70/001ee337f7aa888fb2e3f5fd7592a6afc5283adb1ed44ce8df5764070f22/sqlparse-0.5.4-py3-none-any.whl", hash = "sha256:99a9f0314977b76d776a0fcb8554de91b9bb8a18560631d6bc48721d07023dcb", size = 45933, upload-time = "2025-11-28T07:10:19.73Z" },
]

[[package]]
name = "tzdata"
version = "2025.2"
source = { registry = "https://pypi.org/simple" }
sdist = { url = "https://files.pythonhosted.org/packages/95/32/1a225d6164441be760d75c2c42e2780dc0873fe382da3e98a2e1e48361e5/tzdata-2025.2.tar.gz", hash = "sha256:b60a638fcc0daffadf82fe0f57e53d06bdec2f36c4df66280ae79bce6bd6f2b9", size = 196380, upload-time = "2025-03-23T13:54:43.652Z" }
wheels = [
    { url = "https://files.pythonhosted.org/packages/5c/23/c7abc0ca0a1526a0774eca151daeb8de62ec457e77262b66b359c3c7679e/tzdata-2025.2-py2.py3-none-any.whl", hash = "sha256:1a403fada01ff9221ca8044d701868fa132215d84beb92242d9acd2147f667a8", size = 347839, upload-time = "2025-03-23T13:54:41.845Z" },
]
